
Microsoft Visual Studio Solution File, Format Version 12.00
# Visual Studio 15
VisualStudioVersion = 15.0.27428.2027
MinimumVisualStudioVersion = 10.0.40219.1
Project("{F184B08F-C81C-45F6-A57F-5ABD9991F28F}") = "Telefonía", "Telefonía\Telefonía.vbproj", "{AAFF310B-DDA5-463A-A620-1E0A6A50A3C4}"
EndProject
Global
	GlobalSection(SolutionConfigurationPlatforms) = preSolution
		Debug|Any CPU = Debug|Any CPU
		Release|Any CPU = Release|Any CPU
	EndGlobalSection
	GlobalSection(ProjectConfigurationPlatforms) = postSolution
		{AAFF310B-DDA5-463A-A620-1E0A6A50A3C4}.Debug|Any CPU.ActiveCfg = Debug|Any CPU
		{AAFF310B-DDA5-463A-A620-1E0A6A50A3C4}.Debug|Any CPU.Build.0 = Debug|Any CPU
		{AAFF310B-DDA5-463A-A620-1E0A6A50A3C4}.Release|Any CPU.ActiveCfg = Release|Any CPU
		{AAFF310B-DDA5-463A-A620-1E0A6A50A3C4}.Release|Any CPU.Build.0 = Release|Any CPU
	EndGlobalSection
	GlobalSection(SolutionProperties) = preSolution
		HideSolutionNode = FALSE
	EndGlobalSection
	GlobalSection(ExtensibilityGlobals) = postSolution
		SolutionGuid = {D9838B83-01DF-4011-93DF-7C6995C776E5}
	EndGlobalSection
EndGlobal
